
Microsoft Visual Studio Solution File, Format Version 12.00
# Visual Studio Version 16
VisualStudioVersion = 16.0.31321.278
MinimumVisualStudioVersion = 10.0.40219.1
Project("{FAE04EC0-301F-11D3-BF4B-00C04F79EFBC}") = "Schoolserver", "Schoolserver.csproj", "{F177FC8D-F1BA-4FCC-A155-34E0FB652CD9}"
EndProject
Global
	GlobalSection(SolutionConfigurationPlatforms) = preSolution
		Debug|Any CPU = Debug|Any CPU
		Release|Any CPU = Release|Any CPU
	EndGlobalSection
	GlobalSection(ProjectConfigurationPlatforms) = postSolution
		{F177FC8D-F1BA-4FCC-A155-34E0FB652CD9}.Debug|Any CPU.ActiveCfg = Debug|Any CPU
		{F177FC8D-F1BA-4FCC-A155-34E0FB652CD9}.Debug|Any CPU.Build.0 = Debug|Any CPU
		{F177FC8D-F1BA-4FCC-A155-34E0FB652CD9}.Release|Any CPU.ActiveCfg = Release|Any CPU
		{F177FC8D-F1BA-4FCC-A155-34E0FB652CD9}.Release|Any CPU.Build.0 = Release|Any CPU
	EndGlobalSection
	GlobalSection(SolutionProperties) = preSolution
		HideSolutionNode = FALSE
	EndGlobalSection
	GlobalSection(ExtensibilityGlobals) = postSolution
		SolutionGuid = {9F052069-508C-4044-8846-91A5DD48321D}
	EndGlobalSection
EndGlobal
